
Microsoft Visual Studio Solution File, Format Version 12.00
# Visual Studio 2013
VisualStudioVersion = 12.0.31101.0
MinimumVisualStudioVersion = 10.0.40219.1
Project("{CC5FD16D-436D-48AD-A40C-5A424C6E3E79}") = "asgn4", "asgn4\asgn4.ccproj", "{F4D428A5-5781-474C-A705-02D22277319E}"
EndProject
Project("{FAE04EC0-301F-11D3-BF4B-00C04F79EFBC}") = "WebRole1", "WebRole1\WebRole1.csproj", "{0E3EECC6-EA07-45D9-910B-93AA73830678}"
EndProject
Project("{FAE04EC0-301F-11D3-BF4B-00C04F79EFBC}") = "WorkerRole1", "WorkerRole1\WorkerRole1.csproj", "{39CE6D4F-6251-408A-9543-234BA9DA8308}"
EndProject
Project("{FAE04EC0-301F-11D3-BF4B-00C04F79EFBC}") = "asgn3", "..\asgn3-master\asgn3\asgn3.csproj", "{7254F662-24D9-4025-93A9-C04A233B9426}"
EndProject
Global
	GlobalSection(SolutionConfigurationPlatforms) = preSolution
		Debug|Any CPU = Debug|Any CPU
		Release|Any CPU = Release|Any CPU
	EndGlobalSection
	GlobalSection(ProjectConfigurationPlatforms) = postSolution
		{F4D428A5-5781-474C-A705-02D22277319E}.Debug|Any CPU.ActiveCfg = Debug|Any CPU
		{F4D428A5-5781-474C-A705-02D22277319E}.Debug|Any CPU.Build.0 = Debug|Any CPU
		{F4D428A5-5781-474C-A705-02D22277319E}.Release|Any CPU.ActiveCfg = Release|Any CPU
		{F4D428A5-5781-474C-A705-02D22277319E}.Release|Any CPU.Build.0 = Release|Any CPU
		{0E3EECC6-EA07-45D9-910B-93AA73830678}.Debug|Any CPU.ActiveCfg = Debug|Any CPU
		{0E3EECC6-EA07-45D9-910B-93AA73830678}.Debug|Any CPU.Build.0 = Debug|Any CPU
		{0E3EECC6-EA07-45D9-910B-93AA73830678}.Release|Any CPU.ActiveCfg = Release|Any CPU
		{0E3EECC6-EA07-45D9-910B-93AA73830678}.Release|Any CPU.Build.0 = Release|Any CPU
		{39CE6D4F-6251-408A-9543-234BA9DA8308}.Debug|Any CPU.ActiveCfg = Debug|Any CPU
		{39CE6D4F-6251-408A-9543-234BA9DA8308}.Debug|Any CPU.Build.0 = Debug|Any CPU
		{39CE6D4F-6251-408A-9543-234BA9DA8308}.Release|Any CPU.ActiveCfg = Release|Any CPU
		{39CE6D4F-6251-408A-9543-234BA9DA8308}.Release|Any CPU.Build.0 = Release|Any CPU
		{7254F662-24D9-4025-93A9-C04A233B9426}.Debug|Any CPU.ActiveCfg = Debug|Any CPU
		{7254F662-24D9-4025-93A9-C04A233B9426}.Debug|Any CPU.Build.0 = Debug|Any CPU
		{7254F662-24D9-4025-93A9-C04A233B9426}.Release|Any CPU.ActiveCfg = Release|Any CPU
		{7254F662-24D9-4025-93A9-C04A233B9426}.Release|Any CPU.Build.0 = Release|Any CPU
	EndGlobalSection
	GlobalSection(SolutionProperties) = preSolution
		HideSolutionNode = FALSE
	EndGlobalSection
EndGlobal
